
Microsoft Visual Studio Solution File, Format Version 12.00
# Visual Studio Version 16
VisualStudioVersion = 16.0.31205.134
MinimumVisualStudioVersion = 10.0.40219.1
Project("{FAE04EC0-301F-11D3-BF4B-00C04F79EFBC}") = "Week2_Assignment2", "Week2_Assignment2\Week2_Assignment2.csproj", "{C2EBACF3-EF09-421D-81D4-AB1B7FC8EBCC}"
EndProject
Global
	GlobalSection(SolutionConfigurationPlatforms) = preSolution
		Debug|Any CPU = Debug|Any CPU
		Release|Any CPU = Release|Any CPU
	EndGlobalSection
	GlobalSection(ProjectConfigurationPlatforms) = postSolution
		{C2EBACF3-EF09-421D-81D4-AB1B7FC8EBCC}.Debug|Any CPU.ActiveCfg = Debug|Any CPU
		{C2EBACF3-EF09-421D-81D4-AB1B7FC8EBCC}.Debug|Any CPU.Build.0 = Debug|Any CPU
		{C2EBACF3-EF09-421D-81D4-AB1B7FC8EBCC}.Release|Any CPU.ActiveCfg = Release|Any CPU
		{C2EBACF3-EF09-421D-81D4-AB1B7FC8EBCC}.Release|Any CPU.Build.0 = Release|Any CPU
	EndGlobalSection
	GlobalSection(SolutionProperties) = preSolution
		HideSolutionNode = FALSE
	EndGlobalSection
	GlobalSection(ExtensibilityGlobals) = postSolution
		SolutionGuid = {266F7DCB-196D-4C6C-90F2-033911AE6E2B}
	EndGlobalSection
EndGlobal
